schema: '2.0'
stages:
  data_ingestion:
    cmd: python src/data_ingestion.py
    deps:
    - path: src/data_ingestion.py
      hash: md5
      md5: 03b734fc30f8ade51bd8c0beaaaba629
      size: 407
    outs:
    - path: data/raw/test.csv
      hash: md5
      md5: 7443713d68c4d3c19499b7eaba1c672d
      size: 508
    - path: data/raw/train.csv
      hash: md5
      md5: e3979e36262893c4bc47f559364f695e
      size: 1866
  feature_engineering:
    cmd: python src/feature_engineering.py
    deps:
    - path: data/raw/test.csv
      hash: md5
      md5: 7443713d68c4d3c19499b7eaba1c672d
      size: 508
    - path: data/raw/train.csv
      hash: md5
      md5: e3979e36262893c4bc47f559364f695e
      size: 1866
    - path: src/feature_engineering.py
      hash: md5
      md5: 34da02169fd97c065696c86c0b2da0c3
      size: 1411
    params:
      params.yaml:
        feature_engineering.n_components: 3
    outs:
    - path: data/processed/test_processed.csv
      hash: md5
      md5: 6ef3f1358a8c4c42d759130e292b4def
      size: 1257
    - path: data/processed/train_processed.csv
      hash: md5
      md5: 2dad1b8c14639164ffc5a0dc43a47d01
      size: 4948
  train_model:
    cmd: python src/model_training.py
    deps:
    - path: data/processed/train_processed.csv
      hash: md5
      md5: 2dad1b8c14639164ffc5a0dc43a47d01
      size: 4948
    - path: src/model_training.py
      hash: md5
      md5: bc44159337af4b1075009835f3065e48
      size: 941
    params:
      params.yaml:
        model_training.bootstrap: false
        model_training.criterion: gini
        model_training.max_depth: 5
        model_training.n_estimators: 32
    outs:
    - path: model.pkl
      hash: md5
      md5: 18c32ade2804e76bddbe5349c99ee0fe
      size: 77425
  evaluate_model:
    cmd: python src/model_evaluation.py
    deps:
    - path: data/processed/test_processed.csv
      hash: md5
      md5: 6ef3f1358a8c4c42d759130e292b4def
      size: 1257
    - path: model.pkl
      hash: md5
      md5: 18c32ade2804e76bddbe5349c99ee0fe
      size: 77425
    - path: src/model_evaluation.py
      hash: md5
      md5: 308b5458e54628e0e669942020f357c1
      size: 1398
    params:
      params.yaml:
        feature_engineering.n_components: 3
        model_training.bootstrap: false
        model_training.criterion: gini
        model_training.max_depth: 5
        model_training.n_estimators: 32
    outs:
    - path: metrics.json
      hash: md5
      md5: 42baf208946de9c8c6374ca37b3953e5
      size: 101
